
Microsoft Visual Studio Solution File, Format Version 12.00
# Visual Studio Version 17
VisualStudioVersion = 17.14.36518.9
MinimumVisualStudioVersion = 10.0.40219.1
Project("{2150E333-8FDC-42A3-9474-1A3956D46DE8}") = "Task0", "Task0", "{02EA681E-C7D8-13C7-8484-4AC65E1B71E8}"
EndProject
Project("{FAE04EC0-301F-11D3-BF4B-00C04F79EFBC}") = "Tyuiu.Ahmadi2.Sprint3.Task0.V28", "Tyuiu.Ahmadi2.Sprint3.Task0.V28\Tyuiu.Ahmadi2.Sprint3.Task0.V28.csproj", "{4EFF9D25-ED8F-45BB-8BEA-26A0FD288D5A}"
EndProject
Project("{FAE04EC0-301F-11D3-BF4B-00C04F79EFBC}") = "Tyuiu.Ahmadi2.Sprint3.Task0.V28.Lib", "Tyuiu.Ahmadi2.Sprint3.Task0.V28.Lib\Tyuiu.Ahmadi2.Sprint3.Task0.V28.Lib.csproj", "{ED6DF207-8AF2-433C-B4F3-CF0B46A2A7DA}"
EndProject
Project("{FAE04EC0-301F-11D3-BF4B-00C04F79EFBC}") = "Tyuiu.Ahmadi2.Sprint3.Task0.V28.Test", "Tyuiu.Ahmadi2.Sprint3.Task0.V28.Test\Tyuiu.Ahmadi2.Sprint3.Task0.V28.Test.csproj", "{D1EFEABA-A981-4555-8EED-5BDEB6E7F42E}"
EndProject
Project("{2150E333-8FDC-42A3-9474-1A3956D46DE8}") = "Task1", "Task1", "{9EC9091C-3993-40F1-9B85-B274E11664CD}"
EndProject
Project("{FAE04EC0-301F-11D3-BF4B-00C04F79EFBC}") = "Tyuiu.Ahmadi2.Sprint3.Task1.V15.Lib", "Tyuiu.Ahmadi2.Sprint3.Task1.V15.Lib\Tyuiu.Ahmadi2.Sprint3.Task1.V15.Lib.csproj", "{B321C390-81D4-4DD4-AD98-E4E58F742F6D}"
EndProject
Project("{FAE04EC0-301F-11D3-BF4B-00C04F79EFBC}") = "Tyuiu.Ahmadi2.Sprint3.Task1.V15.Test", "Tyuiu.Ahmadi2.Sprint3.Task1.V15.Test\Tyuiu.Ahmadi2.Sprint3.Task1.V15.Test.csproj", "{BB34E4E4-957C-4D6F-8680-51C8840CC182}"
EndProject
Project("{FAE04EC0-301F-11D3-BF4B-00C04F79EFBC}") = "Tyuiu.Ahmadi2.Sprint3.Task1.V15", "Tyuiu.Ahmadi2.Sprint3.Task1.V15\Tyuiu.Ahmadi2.Sprint3.Task1.V15.csproj", "{CDB28102-762E-4C55-BCC6-49A3635795D9}"
EndProject
Project("{2150E333-8FDC-42A3-9474-1A3956D46DE8}") = "Task2", "Task2", "{1502DAF3-4937-4393-8A58-AB16EF89347F}"
EndProject
Project("{FAE04EC0-301F-11D3-BF4B-00C04F79EFBC}") = "Tyuiu.Ahmadi2.Sprint3.Task2.V23", "Tyuiu.Ahmadi2.Sprint3.Task2.V23\Tyuiu.Ahmadi2.Sprint3.Task2.V23.csproj", "{BBA3A0A7-9841-48B7-B79D-977BD4F8E5F2}"
EndProject
Project("{FAE04EC0-301F-11D3-BF4B-00C04F79EFBC}") = "Tyuiu.Ahmadi2.Sprint3.Task2.V23.Lib", "Tyuiu.Ahmadi2.Sprint3.Task2.V23.Lib\Tyuiu.Ahmadi2.Sprint3.Task2.V23.Lib.csproj", "{95799ACA-7D1F-4641-BB8D-C826D4E72CF6}"
EndProject
Project("{FAE04EC0-301F-11D3-BF4B-00C04F79EFBC}") = "Tyuiu.Ahmadi2.Sprint3.Task2.V23.Test", "Tyuiu.Ahmadi2.Sprint3.Task2.V23.Test\Tyuiu.Ahmadi2.Sprint3.Task2.V23.Test.csproj", "{A7F0C951-80F7-4D16-BC78-C85125E54CEB}"
EndProject
Project("{2150E333-8FDC-42A3-9474-1A3956D46DE8}") = "Task3", "Task3", "{A1B3ABAB-A749-423F-B93A-1AD6B8F88505}"
EndProject
Project("{FAE04EC0-301F-11D3-BF4B-00C04F79EFBC}") = "Tyuiu.Ahmadi2.Sprint3.Task3.V1", "Tyuiu.Ahmadi2.Sprint3.Task3.V1\Tyuiu.Ahmadi2.Sprint3.Task3.V1.csproj", "{999928B7-FAB7-40F3-8D90-20C885FA924A}"
EndProject
Project("{FAE04EC0-301F-11D3-BF4B-00C04F79EFBC}") = "Tyuiu.Ahmadi2.Sprint3.Task3.V1.Lib", "Tyuiu.Ahmadi2.Sprint3.Task3.V1.Lib\Tyuiu.Ahmadi2.Sprint3.Task3.V1.Lib.csproj", "{D737CD9B-CB45-46D3-BCAF-97A2D499A031}"
EndProject
Project("{FAE04EC0-301F-11D3-BF4B-00C04F79EFBC}") = "Tyuiu.Ahmadi2.Sprint3.Task3.V1.Test", "Tyuiu.Ahmadi2.Sprint3.Task3.V1.Test\Tyuiu.Ahmadi2.Sprint3.Task3.V1.Test.csproj", "{E15E7B47-925A-4166-B9D8-F57FA7198C7C}"
EndProject
Global
	GlobalSection(SolutionConfigurationPlatforms) = preSolution
		Debug|Any CPU = Debug|Any CPU
		Release|Any CPU = Release|Any CPU
	EndGlobalSection
	GlobalSection(ProjectConfigurationPlatforms) = postSolution
		{4EFF9D25-ED8F-45BB-8BEA-26A0FD288D5A}.Debug|Any CPU.ActiveCfg = Debug|Any CPU
		{4EFF9D25-ED8F-45BB-8BEA-26A0FD288D5A}.Debug|Any CPU.Build.0 = Debug|Any CPU
		{4EFF9D25-ED8F-45BB-8BEA-26A0FD288D5A}.Release|Any CPU.ActiveCfg = Release|Any CPU
		{4EFF9D25-ED8F-45BB-8BEA-26A0FD288D5A}.Release|Any CPU.Build.0 = Release|Any CPU
		{ED6DF207-8AF2-433C-B4F3-CF0B46A2A7DA}.Debug|Any CPU.ActiveCfg = Debug|Any CPU
		{ED6DF207-8AF2-433C-B4F3-CF0B46A2A7DA}.Debug|Any CPU.Build.0 = Debug|Any CPU
		{ED6DF207-8AF2-433C-B4F3-CF0B46A2A7DA}.Release|Any CPU.ActiveCfg = Release|Any CPU
		{ED6DF207-8AF2-433C-B4F3-CF0B46A2A7DA}.Release|Any CPU.Build.0 = Release|Any CPU
		{D1EFEABA-A981-4555-8EED-5BDEB6E7F42E}.Debug|Any CPU.ActiveCfg = Debug|Any CPU
		{D1EFEABA-A981-4555-8EED-5BDEB6E7F42E}.Debug|Any CPU.Build.0 = Debug|Any CPU
		{D1EFEABA-A981-4555-8EED-5BDEB6E7F42E}.Release|Any CPU.ActiveCfg = Release|Any CPU
		{D1EFEABA-A981-4555-8EED-5BDEB6E7F42E}.Release|Any CPU.Build.0 = Release|Any CPU
		{B321C390-81D4-4DD4-AD98-E4E58F742F6D}.Debug|Any CPU.ActiveCfg = Debug|Any CPU
		{B321C390-81D4-4DD4-AD98-E4E58F742F6D}.Debug|Any CPU.Build.0 = Debug|Any CPU
		{B321C390-81D4-4DD4-AD98-E4E58F742F6D}.Release|Any CPU.ActiveCfg = Release|Any CPU
		{B321C390-81D4-4DD4-AD98-E4E58F742F6D}.Release|Any CPU.Build.0 = Release|Any CPU
		{BB34E4E4-957C-4D6F-8680-51C8840CC182}.Debug|Any CPU.ActiveCfg = Debug|Any CPU
		{BB34E4E4-957C-4D6F-8680-51C8840CC182}.Debug|Any CPU.Build.0 = Debug|Any CPU
		{BB34E4E4-957C-4D6F-8680-51C8840CC182}.Release|Any CPU.ActiveCfg = Release|Any CPU
		{BB34E4E4-957C-4D6F-8680-51C8840CC182}.Release|Any CPU.Build.0 = Release|Any CPU
		{CDB28102-762E-4C55-BCC6-49A3635795D9}.Debug|Any CPU.ActiveCfg = Debug|Any CPU
		{CDB28102-762E-4C55-BCC6-49A3635795D9}.Debug|Any CPU.Build.0 = Debug|Any CPU
		{CDB28102-762E-4C55-BCC6-49A3635795D9}.Release|Any CPU.ActiveCfg = Release|Any CPU
		{CDB28102-762E-4C55-BCC6-49A3635795D9}.Release|Any CPU.Build.0 = Release|Any CPU
		{BBA3A0A7-9841-48B7-B79D-977BD4F8E5F2}.Debug|Any CPU.ActiveCfg = Debug|Any CPU
		{BBA3A0A7-9841-48B7-B79D-977BD4F8E5F2}.Debug|Any CPU.Build.0 = Debug|Any CPU
		{BBA3A0A7-9841-48B7-B79D-977BD4F8E5F2}.Release|Any CPU.ActiveCfg = Release|Any CPU
		{BBA3A0A7-9841-48B7-B79D-977BD4F8E5F2}.Release|Any CPU.Build.0 = Release|Any CPU
		{95799ACA-7D1F-4641-BB8D-C826D4E72CF6}.Debug|Any CPU.ActiveCfg = Debug|Any CPU
		{95799ACA-7D1F-4641-BB8D-C826D4E72CF6}.Debug|Any CPU.Build.0 = Debug|Any CPU
		{95799ACA-7D1F-4641-BB8D-C826D4E72CF6}.Release|Any CPU.ActiveCfg = Release|Any CPU
		{95799ACA-7D1F-4641-BB8D-C826D4E72CF6}.Release|Any CPU.Build.0 = Release|Any CPU
		{A7F0C951-80F7-4D16-BC78-C85125E54CEB}.Debug|Any CPU.ActiveCfg = Debug|Any CPU
		{A7F0C951-80F7-4D16-BC78-C85125E54CEB}.Debug|Any CPU.Build.0 = Debug|Any CPU
		{A7F0C951-80F7-4D16-BC78-C85125E54CEB}.Release|Any CPU.ActiveCfg = Release|Any CPU
		{A7F0C951-80F7-4D16-BC78-C85125E54CEB}.Release|Any CPU.Build.0 = Release|Any CPU
		{999928B7-FAB7-40F3-8D90-20C885FA924A}.Debug|Any CPU.ActiveCfg = Debug|Any CPU
		{999928B7-FAB7-40F3-8D90-20C885FA924A}.Debug|Any CPU.Build.0 = Debug|Any CPU
		{999928B7-FAB7-40F3-8D90-20C885FA924A}.Release|Any CPU.ActiveCfg = Release|Any CPU
		{999928B7-FAB7-40F3-8D90-20C885FA924A}.Release|Any CPU.Build.0 = Release|Any CPU
		{D737CD9B-CB45-46D3-BCAF-97A2D499A031}.Debug|Any CPU.ActiveCfg = Debug|Any CPU
		{D737CD9B-CB45-46D3-BCAF-97A2D499A031}.Debug|Any CPU.Build.0 = Debug|Any CPU
		{D737CD9B-CB45-46D3-BCAF-97A2D499A031}.Release|Any CPU.ActiveCfg = Release|Any CPU
		{D737CD9B-CB45-46D3-BCAF-97A2D499A031}.Release|Any CPU.Build.0 = Release|Any CPU
		{E15E7B47-925A-4166-B9D8-F57FA7198C7C}.Debug|Any CPU.ActiveCfg = Debug|Any CPU
		{E15E7B47-925A-4166-B9D8-F57FA7198C7C}.Debug|Any CPU.Build.0 = Debug|Any CPU
		{E15E7B47-925A-4166-B9D8-F57FA7198C7C}.Release|Any CPU.ActiveCfg = Release|Any CPU
		{E15E7B47-925A-4166-B9D8-F57FA7198C7C}.Release|Any CPU.Build.0 = Release|Any CPU
	EndGlobalSection
	GlobalSection(SolutionProperties) = preSolution
		HideSolutionNode = FALSE
	EndGlobalSection
	GlobalSection(NestedProjects) = preSolution
		{4EFF9D25-ED8F-45BB-8BEA-26A0FD288D5A} = {02EA681E-C7D8-13C7-8484-4AC65E1B71E8}
		{ED6DF207-8AF2-433C-B4F3-CF0B46A2A7DA} = {02EA681E-C7D8-13C7-8484-4AC65E1B71E8}
		{D1EFEABA-A981-4555-8EED-5BDEB6E7F42E} = {02EA681E-C7D8-13C7-8484-4AC65E1B71E8}
		{B321C390-81D4-4DD4-AD98-E4E58F742F6D} = {9EC9091C-3993-40F1-9B85-B274E11664CD}
		{BB34E4E4-957C-4D6F-8680-51C8840CC182} = {9EC9091C-3993-40F1-9B85-B274E11664CD}
		{CDB28102-762E-4C55-BCC6-49A3635795D9} = {9EC9091C-3993-40F1-9B85-B274E11664CD}
		{BBA3A0A7-9841-48B7-B79D-977BD4F8E5F2} = {1502DAF3-4937-4393-8A58-AB16EF89347F}
		{95799ACA-7D1F-4641-BB8D-C826D4E72CF6} = {1502DAF3-4937-4393-8A58-AB16EF89347F}
		{A7F0C951-80F7-4D16-BC78-C85125E54CEB} = {1502DAF3-4937-4393-8A58-AB16EF89347F}
		{999928B7-FAB7-40F3-8D90-20C885FA924A} = {A1B3ABAB-A749-423F-B93A-1AD6B8F88505}
		{D737CD9B-CB45-46D3-BCAF-97A2D499A031} = {A1B3ABAB-A749-423F-B93A-1AD6B8F88505}
		{E15E7B47-925A-4166-B9D8-F57FA7198C7C} = {A1B3ABAB-A749-423F-B93A-1AD6B8F88505}
	EndGlobalSection
	GlobalSection(ExtensibilityGlobals) = postSolution
		SolutionGuid = {DFEA591E-9FA5-4BCA-9064-3B3BF36F33B4}
	EndGlobalSection
EndGlobal
